// !$*UTF8*$!
{
	archiveVersion = 1;
	classes = {
	};
	objectVersion = 53;
	objects = {

/* Begin PBXBuildFile section */
		620703952387390400AB8708 /* KeyValueStoreTests.swift in Sources */ = {isa = PBXBuildFile; fileRef = 620703942387390400AB8708 /* KeyValueStoreTests.swift */; };
		620703962387390400AB8708 /* KeyValueStoreTests.swift in Sources */ = {isa = PBXBuildFile; fileRef = 620703942387390400AB8708 /* KeyValueStoreTests.swift */; };
		620703972387390400AB8708 /* KeyValueStoreTests.swift in Sources */ = {isa = PBXBuildFile; fileRef = 620703942387390400AB8708 /* KeyValueStoreTests.swift */; };
		6207039923873F0300AB8708 /* Stored.swift in Sources */ = {isa = PBXBuildFile; fileRef = 6207039823873F0300AB8708 /* Stored.swift */; };
		6207039A23873F0300AB8708 /* Stored.swift in Sources */ = {isa = PBXBuildFile; fileRef = 6207039823873F0300AB8708 /* Stored.swift */; };
		6207039B23873F0300AB8708 /* Stored.swift in Sources */ = {isa = PBXBuildFile; fileRef = 6207039823873F0300AB8708 /* Stored.swift */; };
		6207039C23873F0300AB8708 /* Stored.swift in Sources */ = {isa = PBXBuildFile; fileRef = 6207039823873F0300AB8708 /* Stored.swift */; };
		620D9EB42392CF4C00D50CA6 /* Storable.swift in Sources */ = {isa = PBXBuildFile; fileRef = 620D9EB32392CF4C00D50CA6 /* Storable.swift */; };
		620D9EB52392CF4C00D50CA6 /* Storable.swift in Sources */ = {isa = PBXBuildFile; fileRef = 620D9EB32392CF4C00D50CA6 /* Storable.swift */; };
		620D9EB62392CF4C00D50CA6 /* Storable.swift in Sources */ = {isa = PBXBuildFile; fileRef = 620D9EB32392CF4C00D50CA6 /* Storable.swift */; };
		620D9EB72392CF4C00D50CA6 /* Storable.swift in Sources */ = {isa = PBXBuildFile; fileRef = 620D9EB32392CF4C00D50CA6 /* Storable.swift */; };
		620D9EB92392E27700D50CA6 /* StoredTests.swift in Sources */ = {isa = PBXBuildFile; fileRef = 620D9EB82392E27700D50CA6 /* StoredTests.swift */; };
		621C347E2389A05000AB5D8D /* KeyValueStore+Definitions.swift in Sources */ = {isa = PBXBuildFile; fileRef = 621C347D2389A05000AB5D8D /* KeyValueStore+Definitions.swift */; };
		621C347F2389A05300AB5D8D /* KeyValueStore+Definitions.swift in Sources */ = {isa = PBXBuildFile; fileRef = 621C347D2389A05000AB5D8D /* KeyValueStore+Definitions.swift */; };
		621C34802389A05400AB5D8D /* KeyValueStore+Definitions.swift in Sources */ = {isa = PBXBuildFile; fileRef = 621C347D2389A05000AB5D8D /* KeyValueStore+Definitions.swift */; };
		621C34812389A05400AB5D8D /* KeyValueStore+Definitions.swift in Sources */ = {isa = PBXBuildFile; fileRef = 621C347D2389A05000AB5D8D /* KeyValueStore+Definitions.swift */; };
		62348C801DE0C0490060D4FF /* ActivityState.swift in Sources */ = {isa = PBXBuildFile; fileRef = 62348C7F1DE0C0490060D4FF /* ActivityState.swift */; };
		62348C821DE0C1FF0060D4FF /* ActivityStateTests.swift in Sources */ = {isa = PBXBuildFile; fileRef = 62348C811DE0C1FF0060D4FF /* ActivityStateTests.swift */; };
		62348C841DE0C9250060D4FF /* CollectionChange.swift in Sources */ = {isa = PBXBuildFile; fileRef = 62348C831DE0C9250060D4FF /* CollectionChange.swift */; };
		62348C861DE0C9CD0060D4FF /* CollectionChangeTests.swift in Sources */ = {isa = PBXBuildFile; fileRef = 62348C851DE0C9CD0060D4FF /* CollectionChangeTests.swift */; };
		623F25722394451400A93B19 /* RandomTestData.swift in Sources */ = {isa = PBXBuildFile; fileRef = 623F25712394451400A93B19 /* RandomTestData.swift */; };
		623F25732394451400A93B19 /* RandomTestData.swift in Sources */ = {isa = PBXBuildFile; fileRef = 623F25712394451400A93B19 /* RandomTestData.swift */; };
		623F25742394451400A93B19 /* RandomTestData.swift in Sources */ = {isa = PBXBuildFile; fileRef = 623F25712394451400A93B19 /* RandomTestData.swift */; };
		624B401F1DFC6E4400E98A64 /* DictionaryHelpersTests.swift in Sources */ = {isa = PBXBuildFile; fileRef = 624B401E1DFC6E4400E98A64 /* DictionaryHelpersTests.swift */; };
		624B40201DFC6E4400E98A64 /* DictionaryHelpersTests.swift in Sources */ = {isa = PBXBuildFile; fileRef = 624B401E1DFC6E4400E98A64 /* DictionaryHelpersTests.swift */; };
		624B40211DFC6E4400E98A64 /* DictionaryHelpersTests.swift in Sources */ = {isa = PBXBuildFile; fileRef = 624B401E1DFC6E4400E98A64 /* DictionaryHelpersTests.swift */; };
		624B40231DFC735700E98A64 /* BundleHelpersTests.swift in Sources */ = {isa = PBXBuildFile; fileRef = 624B40221DFC735700E98A64 /* BundleHelpersTests.swift */; };
		624B40241DFC735700E98A64 /* BundleHelpersTests.swift in Sources */ = {isa = PBXBuildFile; fileRef = 624B40221DFC735700E98A64 /* BundleHelpersTests.swift */; };
		624B40251DFC735700E98A64 /* BundleHelpersTests.swift in Sources */ = {isa = PBXBuildFile; fileRef = 624B40221DFC735700E98A64 /* BundleHelpersTests.swift */; };
		62675E0E204DF62B00C25154 /* Optional+Helpers.swift in Sources */ = {isa = PBXBuildFile; fileRef = 62675E0D204DF62B00C25154 /* Optional+Helpers.swift */; };
		62675E0F204DF62B00C25154 /* Optional+Helpers.swift in Sources */ = {isa = PBXBuildFile; fileRef = 62675E0D204DF62B00C25154 /* Optional+Helpers.swift */; };
		62675E10204DF62B00C25154 /* Optional+Helpers.swift in Sources */ = {isa = PBXBuildFile; fileRef = 62675E0D204DF62B00C25154 /* Optional+Helpers.swift */; };
		62675E11204DF69000C25154 /* Optional+Helpers.swift in Sources */ = {isa = PBXBuildFile; fileRef = 62675E0D204DF62B00C25154 /* Optional+Helpers.swift */; };
		62675E18204DFE9E00C25154 /* XCTestCase+Helpers.swift in Sources */ = {isa = PBXBuildFile; fileRef = 62675E14204DFDD200C25154 /* XCTestCase+Helpers.swift */; };
		62675E19204DFEA000C25154 /* XCTestCase+Helpers.swift in Sources */ = {isa = PBXBuildFile; fileRef = 62675E14204DFDD200C25154 /* XCTestCase+Helpers.swift */; };
		62675E1A204DFEA000C25154 /* XCTestCase+Helpers.swift in Sources */ = {isa = PBXBuildFile; fileRef = 62675E14204DFDD200C25154 /* XCTestCase+Helpers.swift */; };
		62675E1C204E029900C25154 /* Array+Helpers.swift in Sources */ = {isa = PBXBuildFile; fileRef = 62675E1B204E029900C25154 /* Array+Helpers.swift */; };
		62675E1D204E029900C25154 /* Array+Helpers.swift in Sources */ = {isa = PBXBuildFile; fileRef = 62675E1B204E029900C25154 /* Array+Helpers.swift */; };
		62675E1E204E029900C25154 /* Array+Helpers.swift in Sources */ = {isa = PBXBuildFile; fileRef = 62675E1B204E029900C25154 /* Array+Helpers.swift */; };
		62675E24204E069500C25154 /* OptionalHelpersTests.swift in Sources */ = {isa = PBXBuildFile; fileRef = 62675E23204E069500C25154 /* OptionalHelpersTests.swift */; };
		62675E25204E069500C25154 /* OptionalHelpersTests.swift in Sources */ = {isa = PBXBuildFile; fileRef = 62675E23204E069500C25154 /* OptionalHelpersTests.swift */; };
		62675E26204E069500C25154 /* OptionalHelpersTests.swift in Sources */ = {isa = PBXBuildFile; fileRef = 62675E23204E069500C25154 /* OptionalHelpersTests.swift */; };
		62675E28204E086200C25154 /* ArrayHelpersTests.swift in Sources */ = {isa = PBXBuildFile; fileRef = 62675E27204E086200C25154 /* ArrayHelpersTests.swift */; };
		62675E29204E086200C25154 /* ArrayHelpersTests.swift in Sources */ = {isa = PBXBuildFile; fileRef = 62675E27204E086200C25154 /* ArrayHelpersTests.swift */; };
		62675E2A204E086200C25154 /* ArrayHelpersTests.swift in Sources */ = {isa = PBXBuildFile; fileRef = 62675E27204E086200C25154 /* ArrayHelpersTests.swift */; };
		62675E2B204E0E5700C25154 /* Array+Helpers.swift in Sources */ = {isa = PBXBuildFile; fileRef = 62675E1B204E029900C25154 /* Array+Helpers.swift */; };
		6270EE8B1DE08E38009A5B29 /* Lightning.framework in Frameworks */ = {isa = PBXBuildFile; fileRef = 6270EE811DE08E38009A5B29 /* Lightning.framework */; };
		6270EE921DE08E38009A5B29 /* Lightning.h in Headers */ = {isa = PBXBuildFile; fileRef = 6270EE841DE08E38009A5B29 /* Lightning.h */; settings = {ATTRIBUTES = (Public, ); }; };
		6276BA9B1DFA07390022790E /* TimerController.swift in Sources */ = {isa = PBXBuildFile; fileRef = 6276BA9A1DFA07390022790E /* TimerController.swift */; };
		6276BA9C1DFA07390022790E /* TimerController.swift in Sources */ = {isa = PBXBuildFile; fileRef = 6276BA9A1DFA07390022790E /* TimerController.swift */; };
		6276BA9D1DFA07390022790E /* TimerController.swift in Sources */ = {isa = PBXBuildFile; fileRef = 6276BA9A1DFA07390022790E /* TimerController.swift */; };
		6276BA9E1DFA07390022790E /* TimerController.swift in Sources */ = {isa = PBXBuildFile; fileRef = 6276BA9A1DFA07390022790E /* TimerController.swift */; };
		6276BAA01DFA0D260022790E /* TimerControllerTests.swift in Sources */ = {isa = PBXBuildFile; fileRef = 6276BA9F1DFA0D260022790E /* TimerControllerTests.swift */; };
		6276BAA11DFA0D260022790E /* TimerControllerTests.swift in Sources */ = {isa = PBXBuildFile; fileRef = 6276BA9F1DFA0D260022790E /* TimerControllerTests.swift */; };
		6276BAA21DFA0D260022790E /* TimerControllerTests.swift in Sources */ = {isa = PBXBuildFile; fileRef = 6276BA9F1DFA0D260022790E /* TimerControllerTests.swift */; };
		6279FFBE2385E79A000523DE /* KeyValueStore.swift in Sources */ = {isa = PBXBuildFile; fileRef = 6279FFBD2385E79A000523DE /* KeyValueStore.swift */; };
		6279FFBF2385E79A000523DE /* KeyValueStore.swift in Sources */ = {isa = PBXBuildFile; fileRef = 6279FFBD2385E79A000523DE /* KeyValueStore.swift */; };
		6279FFC02385E79A000523DE /* KeyValueStore.swift in Sources */ = {isa = PBXBuildFile; fileRef = 6279FFBD2385E79A000523DE /* KeyValueStore.swift */; };
		6279FFC12385E79A000523DE /* KeyValueStore.swift in Sources */ = {isa = PBXBuildFile; fileRef = 6279FFBD2385E79A000523DE /* KeyValueStore.swift */; };
		6279FFC32385F071000523DE /* KeyValueStore+TypeErasure.swift in Sources */ = {isa = PBXBuildFile; fileRef = 6279FFC22385F071000523DE /* KeyValueStore+TypeErasure.swift */; };
		6279FFC42385F071000523DE /* KeyValueStore+TypeErasure.swift in Sources */ = {isa = PBXBuildFile; fileRef = 6279FFC22385F071000523DE /* KeyValueStore+TypeErasure.swift */; };
		6279FFC52385F071000523DE /* KeyValueStore+TypeErasure.swift in Sources */ = {isa = PBXBuildFile; fileRef = 6279FFC22385F071000523DE /* KeyValueStore+TypeErasure.swift */; };
		6279FFC62385F071000523DE /* KeyValueStore+TypeErasure.swift in Sources */ = {isa = PBXBuildFile; fileRef = 6279FFC22385F071000523DE /* KeyValueStore+TypeErasure.swift */; };
		627FC7471DE369B8001A02E6 /* Atomic.swift in Sources */ = {isa = PBXBuildFile; fileRef = 627FC7461DE369B8001A02E6 /* Atomic.swift */; };
		6280AFC11DE3989300A5E4EC /* Weak.swift in Sources */ = {isa = PBXBuildFile; fileRef = 6280AFC01DE3989300A5E4EC /* Weak.swift */; };
		6280AFC31DE3992E00A5E4EC /* WeakArray.swift in Sources */ = {isa = PBXBuildFile; fileRef = 6280AFC21DE3992E00A5E4EC /* WeakArray.swift */; };
		6280AFC51DE3A14D00A5E4EC /* WeakTests.swift in Sources */ = {isa = PBXBuildFile; fileRef = 6280AFC41DE3A14D00A5E4EC /* WeakTests.swift */; };
		62A4D5FD1E09C4190038D5F2 /* StringMask.swift in Sources */ = {isa = PBXBuildFile; fileRef = 62A4D5FC1E09C4190038D5F2 /* StringMask.swift */; };
		62A4D5FE1E09C4190038D5F2 /* StringMask.swift in Sources */ = {isa = PBXBuildFile; fileRef = 62A4D5FC1E09C4190038D5F2 /* StringMask.swift */; };
		62A4D5FF1E09C4190038D5F2 /* StringMask.swift in Sources */ = {isa = PBXBuildFile; fileRef = 62A4D5FC1E09C4190038D5F2 /* StringMask.swift */; };
		62A4D6001E09C4190038D5F2 /* StringMask.swift in Sources */ = {isa = PBXBuildFile; fileRef = 62A4D5FC1E09C4190038D5F2 /* StringMask.swift */; };
		62A4D6021E09CD2C0038D5F2 /* StringMaskTests.swift in Sources */ = {isa = PBXBuildFile; fileRef = 62A4D6011E09CD2C0038D5F2 /* StringMaskTests.swift */; };
		62A4D6031E09CD2C0038D5F2 /* StringMaskTests.swift in Sources */ = {isa = PBXBuildFile; fileRef = 62A4D6011E09CD2C0038D5F2 /* StringMaskTests.swift */; };
		62A4D6041E09CD2C0038D5F2 /* StringMaskTests.swift in Sources */ = {isa = PBXBuildFile; fileRef = 62A4D6011E09CD2C0038D5F2 /* StringMaskTests.swift */; };
		62A4D6061E09DB590038D5F2 /* String+Helpers.swift in Sources */ = {isa = PBXBuildFile; fileRef = 62A4D6051E09DB590038D5F2 /* String+Helpers.swift */; };
		62A4D6071E09DB590038D5F2 /* String+Helpers.swift in Sources */ = {isa = PBXBuildFile; fileRef = 62A4D6051E09DB590038D5F2 /* String+Helpers.swift */; };
		62A4D6081E09DB590038D5F2 /* String+Helpers.swift in Sources */ = {isa = PBXBuildFile; fileRef = 62A4D6051E09DB590038D5F2 /* String+Helpers.swift */; };
		62A4D6091E09DB590038D5F2 /* String+Helpers.swift in Sources */ = {isa = PBXBuildFile; fileRef = 62A4D6051E09DB590038D5F2 /* String+Helpers.swift */; };
		62A4D60B1E09E8590038D5F2 /* StringHelpersTests.swift in Sources */ = {isa = PBXBuildFile; fileRef = 62A4D60A1E09E8590038D5F2 /* StringHelpersTests.swift */; };
		62A4D60C1E09E8590038D5F2 /* StringHelpersTests.swift in Sources */ = {isa = PBXBuildFile; fileRef = 62A4D60A1E09E8590038D5F2 /* StringHelpersTests.swift */; };
		62A4D60D1E09E8590038D5F2 /* StringHelpersTests.swift in Sources */ = {isa = PBXBuildFile; fileRef = 62A4D60A1E09E8590038D5F2 /* StringHelpersTests.swift */; };
		62D9210C1DF4369D002F0381 /* Dictionary+Helpers.swift in Sources */ = {isa = PBXBuildFile; fileRef = 62D9210B1DF4369D002F0381 /* Dictionary+Helpers.swift */; };
		62D9210D1DF4369D002F0381 /* Dictionary+Helpers.swift in Sources */ = {isa = PBXBuildFile; fileRef = 62D9210B1DF4369D002F0381 /* Dictionary+Helpers.swift */; };
		62D9210E1DF4369D002F0381 /* Dictionary+Helpers.swift in Sources */ = {isa = PBXBuildFile; fileRef = 62D9210B1DF4369D002F0381 /* Dictionary+Helpers.swift */; };
		62D9210F1DF4369D002F0381 /* Dictionary+Helpers.swift in Sources */ = {isa = PBXBuildFile; fileRef = 62D9210B1DF4369D002F0381 /* Dictionary+Helpers.swift */; };
		62D921111DF43880002F0381 /* Bundle+Helpers.swift in Sources */ = {isa = PBXBuildFile; fileRef = 62D921101DF43880002F0381 /* Bundle+Helpers.swift */; };
		62D921121DF43880002F0381 /* Bundle+Helpers.swift in Sources */ = {isa = PBXBuildFile; fileRef = 62D921101DF43880002F0381 /* Bundle+Helpers.swift */; };
		62D921131DF43880002F0381 /* Bundle+Helpers.swift in Sources */ = {isa = PBXBuildFile; fileRef = 62D921101DF43880002F0381 /* Bundle+Helpers.swift */; };
		62D921141DF43880002F0381 /* Bundle+Helpers.swift in Sources */ = {isa = PBXBuildFile; fileRef = 62D921101DF43880002F0381 /* Bundle+Helpers.swift */; };
		7D137C581DE725B2000D9519 /* ActivityState.swift in Sources */ = {isa = PBXBuildFile; fileRef = 62348C7F1DE0C0490060D4FF /* ActivityState.swift */; };
		7D137C591DE725B2000D9519 /* CollectionChange.swift in Sources */ = {isa = PBXBuildFile; fileRef = 62348C831DE0C9250060D4FF /* CollectionChange.swift */; };
		7D137C5B1DE725B2000D9519 /* Atomic.swift in Sources */ = {isa = PBXBuildFile; fileRef = 627FC7461DE369B8001A02E6 /* Atomic.swift */; };
		7D137C5C1DE725B2000D9519 /* Weak.swift in Sources */ = {isa = PBXBuildFile; fileRef = 6280AFC01DE3989300A5E4EC /* Weak.swift */; };
		7D137C5D1DE725B2000D9519 /* WeakArray.swift in Sources */ = {isa = PBXBuildFile; fileRef = 6280AFC21DE3992E00A5E4EC /* WeakArray.swift */; };
		7D137C5F1DE725B2000D9519 /* ActivityState.swift in Sources */ = {isa = PBXBuildFile; fileRef = 62348C7F1DE0C0490060D4FF /* ActivityState.swift */; };
		7D137C601DE725B2000D9519 /* CollectionChange.swift in Sources */ = {isa = PBXBuildFile; fileRef = 62348C831DE0C9250060D4FF /* CollectionChange.swift */; };
		7D137C621DE725B2000D9519 /* Atomic.swift in Sources */ = {isa = PBXBuildFile; fileRef = 627FC7461DE369B8001A02E6 /* Atomic.swift */; };
		7D137C631DE725B2000D9519 /* Weak.swift in Sources */ = {isa = PBXBuildFile; fileRef = 6280AFC01DE3989300A5E4EC /* Weak.swift */; };
		7D137C641DE725B2000D9519 /* WeakArray.swift in Sources */ = {isa = PBXBuildFile; fileRef = 6280AFC21DE3992E00A5E4EC /* WeakArray.swift */; };
		7D137C661DE725B3000D9519 /* ActivityState.swift in Sources */ = {isa = PBXBuildFile; fileRef = 62348C7F1DE0C0490060D4FF /* ActivityState.swift */; };
		7D137C671DE725B3000D9519 /* CollectionChange.swift in Sources */ = {isa = PBXBuildFile; fileRef = 62348C831DE0C9250060D4FF /* CollectionChange.swift */; };
		7D137C691DE725B3000D9519 /* Atomic.swift in Sources */ = {isa = PBXBuildFile; fileRef = 627FC7461DE369B8001A02E6 /* Atomic.swift */; };
		7D137C6A1DE725B3000D9519 /* Weak.swift in Sources */ = {isa = PBXBuildFile; fileRef = 6280AFC01DE3989300A5E4EC /* Weak.swift */; };
		7D137C6B1DE725B3000D9519 /* WeakArray.swift in Sources */ = {isa = PBXBuildFile; fileRef = 6280AFC21DE3992E00A5E4EC /* WeakArray.swift */; };
		7D137C6D1DE72C94000D9519 /* Lightning.h in Headers */ = {isa = PBXBuildFile; fileRef = 6270EE841DE08E38009A5B29 /* Lightning.h */; settings = {ATTRIBUTES = (Public, ); }; };
		7D137C6E1DE72C94000D9519 /* Lightning.h in Headers */ = {isa = PBXBuildFile; fileRef = 6270EE841DE08E38009A5B29 /* Lightning.h */; settings = {ATTRIBUTES = (Public, ); }; };
		7D137C6F1DE72C96000D9519 /* Lightning.h in Headers */ = {isa = PBXBuildFile; fileRef = 6270EE841DE08E38009A5B29 /* Lightning.h */; settings = {ATTRIBUTES = (Public, ); }; };
		7D14F5D51DE74129003B1F37 /* Lightning.framework in Frameworks */ = {isa = PBXBuildFile; fileRef = 7D137C351DE72417000D9519 /* Lightning.framework */; };
		7D14F5E41DE7413E003B1F37 /* Lightning.framework in Frameworks */ = {isa = PBXBuildFile; fileRef = 7D137C4F1DE724DC000D9519 /* Lightning.framework */; };
		7D14F5EB1DE7420E003B1F37 /* ActivityStateTests.swift in Sources */ = {isa = PBXBuildFile; fileRef = 62348C811DE0C1FF0060D4FF /* ActivityStateTests.swift */; };
		7D14F5EC1DE7420E003B1F37 /* CollectionChangeTests.swift in Sources */ = {isa = PBXBuildFile; fileRef = 62348C851DE0C9CD0060D4FF /* CollectionChangeTests.swift */; };
		7D14F5EE1DE7420E003B1F37 /* AtomicTests.swift in Sources */ = {isa = PBXBuildFile; fileRef = 7DA112471DE373700053DC4E /* AtomicTests.swift */; };
		7D14F5EF1DE7420E003B1F37 /* WeakTests.swift in Sources */ = {isa = PBXBuildFile; fileRef = 6280AFC41DE3A14D00A5E4EC /* WeakTests.swift */; };
		7D14F5F11DE7420F003B1F37 /* ActivityStateTests.swift in Sources */ = {isa = PBXBuildFile; fileRef = 62348C811DE0C1FF0060D4FF /* ActivityStateTests.swift */; };
		7D14F5F21DE7420F003B1F37 /* CollectionChangeTests.swift in Sources */ = {isa = PBXBuildFile; fileRef = 62348C851DE0C9CD0060D4FF /* CollectionChangeTests.swift */; };
		7D14F5F41DE7420F003B1F37 /* AtomicTests.swift in Sources */ = {isa = PBXBuildFile; fileRef = 7DA112471DE373700053DC4E /* AtomicTests.swift */; };
		7D14F5F51DE7420F003B1F37 /* WeakTests.swift in Sources */ = {isa = PBXBuildFile; fileRef = 6280AFC41DE3A14D00A5E4EC /* WeakTests.swift */; };
		7DA112481DE373700053DC4E /* AtomicTests.swift in Sources */ = {isa = PBXBuildFile; fileRef = 7DA112471DE373700053DC4E /* AtomicTests.swift */; };
		7DF37F941E07FA57006AB4A9 /* StringFormatter.swift in Sources */ = {isa = PBXBuildFile; fileRef = 7DF37F931E07FA57006AB4A9 /* StringFormatter.swift */; };
		7DF37F951E07FA57006AB4A9 /* StringFormatter.swift in Sources */ = {isa = PBXBuildFile; fileRef = 7DF37F931E07FA57006AB4A9 /* StringFormatter.swift */; };
		7DF37F961E07FA57006AB4A9 /* StringFormatter.swift in Sources */ = {isa = PBXBuildFile; fileRef = 7DF37F931E07FA57006AB4A9 /* StringFormatter.swift */; };
		7DF37F9A1E07FA61006AB4A9 /* StringFormatter.swift in Sources */ = {isa = PBXBuildFile; fileRef = 7DF37F931E07FA57006AB4A9 /* StringFormatter.swift */; };
		7DF37F9C1E07FC3E006AB4A9 /* StringFormatterTests.swift in Sources */ = {isa = PBXBuildFile; fileRef = 7DF37F9B1E07FC3E006AB4A9 /* StringFormatterTests.swift */; };
		7DF37F9D1E07FC3E006AB4A9 /* StringFormatterTests.swift in Sources */ = {isa = PBXBuildFile; fileRef = 7DF37F9B1E07FC3E006AB4A9 /* StringFormatterTests.swift */; };
		7DF37F9E1E07FC3E006AB4A9 /* StringFormatterTests.swift in Sources */ = {isa = PBXBuildFile; fileRef = 7DF37F9B1E07FC3E006AB4A9 /* StringFormatterTests.swift */; };
/* End PBXBuildFile section */

/* Begin PBXContainerItemProxy section */
		6270EE8C1DE08E38009A5B29 /* PBXContainerItemProxy */ = {
			isa = PBXContainerItemProxy;
			containerPortal = 6270EE781DE08E37009A5B29 /* Project object */;
			proxyType = 1;
			remoteGlobalIDString = 6270EE801DE08E37009A5B29;
			remoteInfo = Lightning;
		};
		7D14F5D61DE74129003B1F37 /* PBXContainerItemProxy */ = {
			isa = PBXContainerItemProxy;
			containerPortal = 6270EE781DE08E37009A5B29 /* Project object */;
			proxyType = 1;
			remoteGlobalIDString = 7D137C341DE72417000D9519;
			remoteInfo = "Lightning macOS";
		};
		7D14F5E51DE7413E003B1F37 /* PBXContainerItemProxy */ = {
			isa = PBXContainerItemProxy;
			containerPortal = 6270EE781DE08E37009A5B29 /* Project object */;
			proxyType = 1;
			remoteGlobalIDString = 7D137C4E1DE724DC000D9519;
			remoteInfo = "Lightning tvOS";
		};
/* End PBXContainerItemProxy section */

/* Begin PBXFileReference section */
		620703942387390400AB8708 /* KeyValueStoreTests.swift */ = {isa = PBXFileReference; lastKnownFileType = sourcecode.swift; path = KeyValueStoreTests.swift; sourceTree = "<group>"; };
		6207039823873F0300AB8708 /* Stored.swift */ = {isa = PBXFileReference; lastKnownFileType = sourcecode.swift; path = Stored.swift; sourceTree = "<group>"; };
		620D9EB32392CF4C00D50CA6 /* Storable.swift */ = {isa = PBXFileReference; lastKnownFileType = sourcecode.swift; path = Storable.swift; sourceTree = "<group>"; };
		620D9EB82392E27700D50CA6 /* StoredTests.swift */ = {isa = PBXFileReference; lastKnownFileType = sourcecode.swift; path = StoredTests.swift; sourceTree = "<group>"; };
		621C347D2389A05000AB5D8D /* KeyValueStore+Definitions.swift */ = {isa = PBXFileReference; lastKnownFileType = sourcecode.swift; path = "KeyValueStore+Definitions.swift"; sourceTree = "<group>"; };
		62348C7F1DE0C0490060D4FF /* ActivityState.swift */ = {isa = PBXFileReference; fileEncoding = 4; lastKnownFileType = sourcecode.swift; path = ActivityState.swift; sourceTree = "<group>"; };
		62348C811DE0C1FF0060D4FF /* ActivityStateTests.swift */ = {isa = PBXFileReference; fileEncoding = 4; lastKnownFileType = sourcecode.swift; path = ActivityStateTests.swift; sourceTree = "<group>"; };
		62348C831DE0C9250060D4FF /* CollectionChange.swift */ = {isa = PBXFileReference; fileEncoding = 4; lastKnownFileType = sourcecode.swift; path = CollectionChange.swift; sourceTree = "<group>"; };
		62348C851DE0C9CD0060D4FF /* CollectionChangeTests.swift */ = {isa = PBXFileReference; fileEncoding = 4; lastKnownFileType = sourcecode.swift; path = CollectionChangeTests.swift; sourceTree = "<group>"; };
		623F25712394451400A93B19 /* RandomTestData.swift */ = {isa = PBXFileReference; lastKnownFileType = sourcecode.swift; path = RandomTestData.swift; sourceTree = "<group>"; };
		624B401E1DFC6E4400E98A64 /* DictionaryHelpersTests.swift */ = {isa = PBXFileReference; fileEncoding = 4; lastKnownFileType = sourcecode.swift; path = DictionaryHelpersTests.swift; sourceTree = "<group>"; };
		624B40221DFC735700E98A64 /* BundleHelpersTests.swift */ = {isa = PBXFileReference; fileEncoding = 4; lastKnownFileType = sourcecode.swift; path = BundleHelpersTests.swift; sourceTree = "<group>"; };
		62675E0D204DF62B00C25154 /* Optional+Helpers.swift */ = {isa = PBXFileReference; fileEncoding = 4; lastKnownFileType = sourcecode.swift; path = "Optional+Helpers.swift"; sourceTree = "<group>"; };
		62675E14204DFDD200C25154 /* XCTestCase+Helpers.swift */ = {isa = PBXFileReference; fileEncoding = 4; lastKnownFileType = sourcecode.swift; path = "XCTestCase+Helpers.swift"; sourceTree = "<group>"; };
		62675E1B204E029900C25154 /* Array+Helpers.swift */ = {isa = PBXFileReference; fileEncoding = 4; lastKnownFileType = sourcecode.swift; path = "Array+Helpers.swift"; sourceTree = "<group>"; };
		62675E23204E069500C25154 /* OptionalHelpersTests.swift */ = {isa = PBXFileReference; fileEncoding = 4; lastKnownFileType = sourcecode.swift; path = OptionalHelpersTests.swift; sourceTree = "<group>"; };
		62675E27204E086200C25154 /* ArrayHelpersTests.swift */ = {isa = PBXFileReference; fileEncoding = 4; lastKnownFileType = sourcecode.swift; path = ArrayHelpersTests.swift; sourceTree = "<group>"; };
		6270EE811DE08E38009A5B29 /* Lightning.framework */ = {isa = PBXFileReference; explicitFileType = wrapper.framework; includeInIndex = 0; path = Lightning.framework; sourceTree = BUILT_PRODUCTS_DIR; };
		6270EE841DE08E38009A5B29 /* Lightning.h */ = {isa = PBXFileReference; lastKnownFileType = sourcecode.c.h; path = Lightning.h; sourceTree = "<group>"; };
		6270EE851DE08E38009A5B29 /* Info-iOS.plist */ = {isa = PBXFileReference; lastKnownFileType = text.plist.xml; path = "Info-iOS.plist"; sourceTree = "<group>"; };
		6270EE8A1DE08E38009A5B29 /* Lightning iOS Tests.xctest */ = {isa = PBXFileReference; explicitFileType = wrapper.cfbundle; includeInIndex = 0; path = "Lightning iOS Tests.xctest"; sourceTree = BUILT_PRODUCTS_DIR; };
		6270EE911DE08E38009A5B29 /* Info-iOS.plist */ = {isa = PBXFileReference; lastKnownFileType = text.plist.xml; path = "Info-iOS.plist"; sourceTree = "<group>"; };
		6276BA9A1DFA07390022790E /* TimerController.swift */ = {isa = PBXFileReference; fileEncoding = 4; lastKnownFileType = sourcecode.swift; path = TimerController.swift; sourceTree = "<group>"; };
		6276BA9F1DFA0D260022790E /* TimerControllerTests.swift */ = {isa = PBXFileReference; fileEncoding = 4; lastKnownFileType = sourcecode.swift; path = TimerControllerTests.swift; sourceTree = "<group>"; };
		6279FFBD2385E79A000523DE /* KeyValueStore.swift */ = {isa = PBXFileReference; lastKnownFileType = sourcecode.swift; path = KeyValueStore.swift; sourceTree = "<group>"; };
		6279FFC22385F071000523DE /* KeyValueStore+TypeErasure.swift */ = {isa = PBXFileReference; lastKnownFileType = sourcecode.swift; path = "KeyValueStore+TypeErasure.swift"; sourceTree = "<group>"; };
		627FC7461DE369B8001A02E6 /* Atomic.swift */ = {isa = PBXFileReference; fileEncoding = 4; lastKnownFileType = sourcecode.swift; path = Atomic.swift; sourceTree = "<group>"; };
		6280AFC01DE3989300A5E4EC /* Weak.swift */ = {isa = PBXFileReference; fileEncoding = 4; lastKnownFileType = sourcecode.swift; path = Weak.swift; sourceTree = "<group>"; };
		6280AFC21DE3992E00A5E4EC /* WeakArray.swift */ = {isa = PBXFileReference; fileEncoding = 4; lastKnownFileType = sourcecode.swift; path = WeakArray.swift; sourceTree = "<group>"; };
		6280AFC41DE3A14D00A5E4EC /* WeakTests.swift */ = {isa = PBXFileReference; fileEncoding = 4; lastKnownFileType = sourcecode.swift; path = WeakTests.swift; sourceTree = "<group>"; };
		62A4D5FC1E09C4190038D5F2 /* StringMask.swift */ = {isa = PBXFileReference; fileEncoding = 4; lastKnownFileType = sourcecode.swift; path = StringMask.swift; sourceTree = "<group>"; };
		62A4D6011E09CD2C0038D5F2 /* StringMaskTests.swift */ = {isa = PBXFileReference; fileEncoding = 4; lastKnownFileType = sourcecode.swift; path = StringMaskTests.swift; sourceTree = "<group>"; };
		62A4D6051E09DB590038D5F2 /* String+Helpers.swift */ = {isa = PBXFileReference; fileEncoding = 4; lastKnownFileType = sourcecode.swift; path = "String+Helpers.swift"; sourceTree = "<group>"; };
		62A4D60A1E09E8590038D5F2 /* StringHelpersTests.swift */ = {isa = PBXFileReference; fileEncoding = 4; lastKnownFileType = sourcecode.swift; path = StringHelpersTests.swift; sourceTree = "<group>"; };
		62ACC1CA1FDCB7F7001DE106 /* ReleaseProcess.md */ = {isa = PBXFileReference; lastKnownFileType = net.daringfireball.markdown; path = ReleaseProcess.md; sourceTree = "<group>"; };
		62D9210B1DF4369D002F0381 /* Dictionary+Helpers.swift */ = {isa = PBXFileReference; fileEncoding = 4; lastKnownFileType = sourcecode.swift; path = "Dictionary+Helpers.swift"; sourceTree = "<group>"; };
		62D921101DF43880002F0381 /* Bundle+Helpers.swift */ = {isa = PBXFileReference; fileEncoding = 4; lastKnownFileType = sourcecode.swift; path = "Bundle+Helpers.swift"; sourceTree = "<group>"; };
		62E967571DE7559C009ACCE7 /* .travis.yml */ = {isa = PBXFileReference; lastKnownFileType = text; path = .travis.yml; sourceTree = SOURCE_ROOT; };
		62E967581DE7559C009ACCE7 /* LICENSE */ = {isa = PBXFileReference; lastKnownFileType = text; path = LICENSE; sourceTree = SOURCE_ROOT; };
		62E967591DE7559C009ACCE7 /* README.md */ = {isa = PBXFileReference; lastKnownFileType = net.daringfireball.markdown; path = README.md; sourceTree = SOURCE_ROOT; };
		7D137C351DE72417000D9519 /* Lightning.framework */ = {isa = PBXFileReference; explicitFileType = wrapper.framework; includeInIndex = 0; path = Lightning.framework; sourceTree = BUILT_PRODUCTS_DIR; };
		7D137C381DE72417000D9519 /* Info-macOS.plist */ = {isa = PBXFileReference; lastKnownFileType = text.plist.xml; name = "Info-macOS.plist"; path = "Lightning/Info-macOS.plist"; sourceTree = SOURCE_ROOT; };
		7D137C421DE72476000D9519 /* Lightning.framework */ = {isa = PBXFileReference; explicitFileType = wrapper.framework; includeInIndex = 0; path = Lightning.framework; sourceTree = BUILT_PRODUCTS_DIR; };
		7D137C451DE72476000D9519 /* Info-watchOS.plist */ = {isa = PBXFileReference; lastKnownFileType = text.plist.xml; name = "Info-watchOS.plist"; path = "Lightning/Info-watchOS.plist"; sourceTree = SOURCE_ROOT; };
		7D137C4F1DE724DC000D9519 /* Lightning.framework */ = {isa = PBXFileReference; explicitFileType = wrapper.framework; includeInIndex = 0; path = Lightning.framework; sourceTree = BUILT_PRODUCTS_DIR; };
		7D137C521DE724DC000D9519 /* Info-tvOS.plist */ = {isa = PBXFileReference; lastKnownFileType = text.plist.xml; name = "Info-tvOS.plist"; path = "Lightning/Info-tvOS.plist"; sourceTree = SOURCE_ROOT; };
		7D14F5D01DE74129003B1F37 /* Lightning macOS Tests.xctest */ = {isa = PBXFileReference; explicitFileType = wrapper.cfbundle; includeInIndex = 0; path = "Lightning macOS Tests.xctest"; sourceTree = BUILT_PRODUCTS_DIR; };
		7D14F5D41DE74129003B1F37 /* Info-macOS.plist */ = {isa = PBXFileReference; lastKnownFileType = text.plist.xml; path = "Info-macOS.plist"; sourceTree = "<group>"; };
		7D14F5DF1DE7413E003B1F37 /* Lightning tvOS Tests.xctest */ = {isa = PBXFileReference; explicitFileType = wrapper.cfbundle; includeInIndex = 0; path = "Lightning tvOS Tests.xctest"; sourceTree = BUILT_PRODUCTS_DIR; };
		7D14F5E31DE7413E003B1F37 /* Info-tvOS.plist */ = {isa = PBXFileReference; lastKnownFileType = text.plist.xml; path = "Info-tvOS.plist"; sourceTree = "<group>"; };
		7D571BBE1DE6DE4800815A89 /* Lightning.podspec */ = {isa = PBXFileReference; lastKnownFileType = text; path = Lightning.podspec; sourceTree = SOURCE_ROOT; };
		7DA112471DE373700053DC4E /* AtomicTests.swift */ = {isa = PBXFileReference; fileEncoding = 4; lastKnownFileType = sourcecode.swift; path = AtomicTests.swift; sourceTree = "<group>"; };
		7DF37F931E07FA57006AB4A9 /* StringFormatter.swift */ = {isa = PBXFileReference; fileEncoding = 4; lastKnownFileType = sourcecode.swift; path = StringFormatter.swift; sourceTree = "<group>"; };
		7DF37F9B1E07FC3E006AB4A9 /* StringFormatterTests.swift */ = {isa = PBXFileReference; fileEncoding = 4; lastKnownFileType = sourcecode.swift; path = StringFormatterTests.swift; sourceTree = "<group>"; };
/* End PBXFileReference section */

/* Begin PBXFrameworksBuildPhase section */
		6270EE7D1DE08E37009A5B29 /* Frameworks */ = {
			isa = PBXFrameworksBuildPhase;
			buildActionMask = 2147483647;
			files = (
			);
			runOnlyForDeploymentPostprocessing = 0;
		};
		6270EE871DE08E38009A5B29 /* Frameworks */ = {
			isa = PBXFrameworksBuildPhase;
			buildActionMask = 2147483647;
			files = (
				6270EE8B1DE08E38009A5B29 /* Lightning.framework in Frameworks */,
			);
			runOnlyForDeploymentPostprocessing = 0;
		};
		7D137C311DE72417000D9519 /* Frameworks */ = {
			isa = PBXFrameworksBuildPhase;
			buildActionMask = 2147483647;
			files = (
			);
			runOnlyForDeploymentPostprocessing = 0;
		};
		7D137C3E1DE72476000D9519 /* Frameworks */ = {
			isa = PBXFrameworksBuildPhase;
			buildActionMask = 2147483647;
			files = (
			);
			runOnlyForDeploymentPostprocessing = 0;
		};
		7D137C4B1DE724DC000D9519 /* Frameworks */ = {
			isa = PBXFrameworksBuildPhase;
			buildActionMask = 2147483647;
			files = (
			);
			runOnlyForDeploymentPostprocessing = 0;
		};
		7D14F5CD1DE74129003B1F37 /* Frameworks */ = {
			isa = PBXFrameworksBuildPhase;
			buildActionMask = 2147483647;
			files = (
				7D14F5D51DE74129003B1F37 /* Lightning.framework in Frameworks */,
			);
			runOnlyForDeploymentPostprocessing = 0;
		};
		7D14F5DC1DE7413E003B1F37 /* Frameworks */ = {
			isa = PBXFrameworksBuildPhase;
			buildActionMask = 2147483647;
			files = (
				7D14F5E41DE7413E003B1F37 /* Lightning.framework in Frameworks */,
			);
			runOnlyForDeploymentPostprocessing = 0;
		};
/* End PBXFrameworksBuildPhase section */

/* Begin PBXGroup section */
		621C347C23899DE400AB5D8D /* PropertyWrappers */ = {
			isa = PBXGroup;
			children = (
				6207039823873F0300AB8708 /* Stored.swift */,
			);
			path = PropertyWrappers;
			sourceTree = "<group>";
		};
		624B401C1DFC6DA600E98A64 /* ComponentTests */ = {
			isa = PBXGroup;
			children = (
				62348C811DE0C1FF0060D4FF /* ActivityStateTests.swift */,
				62348C851DE0C9CD0060D4FF /* CollectionChangeTests.swift */,
				7DA112471DE373700053DC4E /* AtomicTests.swift */,
				6280AFC41DE3A14D00A5E4EC /* WeakTests.swift */,
				6276BA9F1DFA0D260022790E /* TimerControllerTests.swift */,
				7DF37F9B1E07FC3E006AB4A9 /* StringFormatterTests.swift */,
				62A4D6011E09CD2C0038D5F2 /* StringMaskTests.swift */,
				620703942387390400AB8708 /* KeyValueStoreTests.swift */,
				620D9EB82392E27700D50CA6 /* StoredTests.swift */,
			);
			path = ComponentTests;
			sourceTree = "<group>";
		};
		624B401D1DFC6DEB00E98A64 /* ExtensionTests */ = {
			isa = PBXGroup;
			children = (
				624B401E1DFC6E4400E98A64 /* DictionaryHelpersTests.swift */,
				624B40221DFC735700E98A64 /* BundleHelpersTests.swift */,
				62A4D60A1E09E8590038D5F2 /* StringHelpersTests.swift */,
				62675E23204E069500C25154 /* OptionalHelpersTests.swift */,
				62675E27204E086200C25154 /* ArrayHelpersTests.swift */,
			);
			path = ExtensionTests;
			sourceTree = "<group>";
		};
		62675E13204DFDBD00C25154 /* Helpers */ = {
			isa = PBXGroup;
			children = (
				62675E14204DFDD200C25154 /* XCTestCase+Helpers.swift */,
				623F25712394451400A93B19 /* RandomTestData.swift */,
			);
			path = Helpers;
			sourceTree = "<group>";
		};
		6270EE771DE08E37009A5B29 = {
			isa = PBXGroup;
			children = (
				62E967561DE75589009ACCE7 /* Metadata */,
				6270EE831DE08E38009A5B29 /* Lightning */,
				6270EE8E1DE08E38009A5B29 /* LightningTests */,
				6270EE821DE08E38009A5B29 /* Products */,
			);
			sourceTree = "<group>";
		};
		6270EE821DE08E38009A5B29 /* Products */ = {
			isa = PBXGroup;
			children = (
				6270EE811DE08E38009A5B29 /* Lightning.framework */,
				6270EE8A1DE08E38009A5B29 /* Lightning iOS Tests.xctest */,
				7D137C351DE72417000D9519 /* Lightning.framework */,
				7D137C421DE72476000D9519 /* Lightning.framework */,
				7D137C4F1DE724DC000D9519 /* Lightning.framework */,
				7D14F5D01DE74129003B1F37 /* Lightning macOS Tests.xctest */,
				7D14F5DF1DE7413E003B1F37 /* Lightning tvOS Tests.xctest */,
			);
			name = Products;
			sourceTree = "<group>";
		};
		6270EE831DE08E38009A5B29 /* Lightning */ = {
			isa = PBXGroup;
			children = (
				627FC7451DE3685C001A02E6 /* Sources */,
				7D137C6C1DE72988000D9519 /* Supporting Files */,
			);
			path = Lightning;
			sourceTree = "<group>";
		};
		6270EE8E1DE08E38009A5B29 /* LightningTests */ = {
			isa = PBXGroup;
			children = (
				7D14F5F61DE7421D003B1F37 /* Supporting Files */,
				62675E13204DFDBD00C25154 /* Helpers */,
				624B401C1DFC6DA600E98A64 /* ComponentTests */,
				624B401D1DFC6DEB00E98A64 /* ExtensionTests */,
			);
			path = LightningTests;
			sourceTree = "<group>";
		};
		6279FFC72385F095000523DE /* KeyValueStore */ = {
			isa = PBXGroup;
			children = (
				620D9EB32392CF4C00D50CA6 /* Storable.swift */,
				6279FFBD2385E79A000523DE /* KeyValueStore.swift */,
				621C347D2389A05000AB5D8D /* KeyValueStore+Definitions.swift */,
				6279FFC22385F071000523DE /* KeyValueStore+TypeErasure.swift */,
			);
			path = KeyValueStore;
			sourceTree = "<group>";
		};
		627FC7451DE3685C001A02E6 /* Sources */ = {
			isa = PBXGroup;
			children = (
				621C347C23899DE400AB5D8D /* PropertyWrappers */,
				62D921091DF435AE002F0381 /* Components */,
				62D9210A1DF435B3002F0381 /* Extensions */,
			);
			path = Sources;
			sourceTree = "<group>";
		};
		62AF2D7221E17705001109C7 /* Docs */ = {
			isa = PBXGroup;
			children = (
				62ACC1CA1FDCB7F7001DE106 /* ReleaseProcess.md */,
			);
			path = Docs;
			sourceTree = "<group>";
		};
		62D921091DF435AE002F0381 /* Components */ = {
			isa = PBXGroup;
			children = (
				6279FFC72385F095000523DE /* KeyValueStore */,
				62348C7F1DE0C0490060D4FF /* ActivityState.swift */,
				62348C831DE0C9250060D4FF /* CollectionChange.swift */,
				627FC7461DE369B8001A02E6 /* Atomic.swift */,
				6280AFC01DE3989300A5E4EC /* Weak.swift */,
				6280AFC21DE3992E00A5E4EC /* WeakArray.swift */,
				6276BA9A1DFA07390022790E /* TimerController.swift */,
				7DF37F931E07FA57006AB4A9 /* StringFormatter.swift */,
				62A4D5FC1E09C4190038D5F2 /* StringMask.swift */,
			);
			path = Components;
			sourceTree = "<group>";
		};
		62D9210A1DF435B3002F0381 /* Extensions */ = {
			isa = PBXGroup;
			children = (
				62D9210B1DF4369D002F0381 /* Dictionary+Helpers.swift */,
				62D921101DF43880002F0381 /* Bundle+Helpers.swift */,
				62A4D6051E09DB590038D5F2 /* String+Helpers.swift */,
				62675E0D204DF62B00C25154 /* Optional+Helpers.swift */,
				62675E1B204E029900C25154 /* Array+Helpers.swift */,
			);
			path = Extensions;
			sourceTree = "<group>";
		};
		62E967561DE75589009ACCE7 /* Metadata */ = {
			isa = PBXGroup;
			children = (
				62AF2D7221E17705001109C7 /* Docs */,
				7D571BBE1DE6DE4800815A89 /* Lightning.podspec */,
				62E967571DE7559C009ACCE7 /* .travis.yml */,
				62E967581DE7559C009ACCE7 /* LICENSE */,
				62E967591DE7559C009ACCE7 /* README.md */,
			);
			name = Metadata;
			sourceTree = "<group>";
		};
		7D137C6C1DE72988000D9519 /* Supporting Files */ = {
			isa = PBXGroup;
			children = (
				6270EE841DE08E38009A5B29 /* Lightning.h */,
				6270EE851DE08E38009A5B29 /* Info-iOS.plist */,
				7D137C381DE72417000D9519 /* Info-macOS.plist */,
				7D137C451DE72476000D9519 /* Info-watchOS.plist */,
				7D137C521DE724DC000D9519 /* Info-tvOS.plist */,
			);
			name = "Supporting Files";
			sourceTree = "<group>";
		};
		7D14F5F61DE7421D003B1F37 /* Supporting Files */ = {
			isa = PBXGroup;
			children = (
				6270EE911DE08E38009A5B29 /* Info-iOS.plist */,
				7D14F5D41DE74129003B1F37 /* Info-macOS.plist */,
				7D14F5E31DE7413E003B1F37 /* Info-tvOS.plist */,
			);
			name = "Supporting Files";
			sourceTree = "<group>";
		};
/* End PBXGroup section */

/* Begin PBXHeadersBuildPhase section */
		6270EE7E1DE08E37009A5B29 /* Headers */ = {
			isa = PBXHeadersBuildPhase;
			buildActionMask = 2147483647;
			files = (
				6270EE921DE08E38009A5B29 /* Lightning.h in Headers */,
			);
			runOnlyForDeploymentPostprocessing = 0;
		};
		7D137C321DE72417000D9519 /* Headers */ = {
			isa = PBXHeadersBuildPhase;
			buildActionMask = 2147483647;
			files = (
				7D137C6D1DE72C94000D9519 /* Lightning.h in Headers */,
			);
			runOnlyForDeploymentPostprocessing = 0;
		};
		7D137C3F1DE72476000D9519 /* Headers */ = {
			isa = PBXHeadersBuildPhase;
			buildActionMask = 2147483647;
			files = (
				7D137C6E1DE72C94000D9519 /* Lightning.h in Headers */,
			);
			runOnlyForDeploymentPostprocessing = 0;
		};
		7D137C4C1DE724DC000D9519 /* Headers */ = {
			isa = PBXHeadersBuildPhase;
			buildActionMask = 2147483647;
			files = (
				7D137C6F1DE72C96000D9519 /* Lightning.h in Headers */,
			);
			runOnlyForDeploymentPostprocessing = 0;
		};
/* End PBXHeadersBuildPhase section */

/* Begin PBXNativeTarget section */
		6270EE801DE08E37009A5B29 /* Lightning iOS */ = {
			isa = PBXNativeTarget;
			buildConfigurationList = 6270EE951DE08E38009A5B29 /* Build configuration list for PBXNativeTarget "Lightning iOS" */;
			buildPhases = (
				6270EE7C1DE08E37009A5B29 /* Sources */,
				6270EE7D1DE08E37009A5B29 /* Frameworks */,
				6270EE7E1DE08E37009A5B29 /* Headers */,
				6270EE7F1DE08E37009A5B29 /* Resources */,
			);
			buildRules = (
			);
			dependencies = (
			);
			name = "Lightning iOS";
			productName = Lightning;
			productReference = 6270EE811DE08E38009A5B29 /* Lightning.framework */;
			productType = "com.apple.product-type.framework";
		};
		6270EE891DE08E38009A5B29 /* Lightning iOS Tests */ = {
			isa = PBXNativeTarget;
			buildConfigurationList = 6270EE981DE08E38009A5B29 /* Build configuration list for PBXNativeTarget "Lightning iOS Tests" */;
			buildPhases = (
				6270EE861DE08E38009A5B29 /* Sources */,
				6270EE871DE08E38009A5B29 /* Frameworks */,
				6270EE881DE08E38009A5B29 /* Resources */,
			);
			buildRules = (
			);
			dependencies = (
				6270EE8D1DE08E38009A5B29 /* PBXTargetDependency */,
			);
			name = "Lightning iOS Tests";
			productName = LightningTests;
			productReference = 6270EE8A1DE08E38009A5B29 /* Lightning iOS Tests.xctest */;
			productType = "com.apple.product-type.bundle.unit-test";
		};
		7D137C341DE72417000D9519 /* Lightning macOS */ = {
			isa = PBXNativeTarget;
			buildConfigurationList = 7D137C3A1DE72417000D9519 /* Build configuration list for PBXNativeTarget "Lightning macOS" */;
			buildPhases = (
				7D137C301DE72417000D9519 /* Sources */,
				7D137C311DE72417000D9519 /* Frameworks */,
				7D137C321DE72417000D9519 /* Headers */,
				7D137C331DE72417000D9519 /* Resources */,
			);
			buildRules = (
			);
			dependencies = (
			);
			name = "Lightning macOS";
			productName = "Lightning macOS";
			productReference = 7D137C351DE72417000D9519 /* Lightning.framework */;
			productType = "com.apple.product-type.framework";
		};
		7D137C411DE72476000D9519 /* Lightning watchOS */ = {
			isa = PBXNativeTarget;
			buildConfigurationList = 7D137C471DE72476000D9519 /* Build configuration list for PBXNativeTarget "Lightning watchOS" */;
			buildPhases = (
				7D137C3D1DE72476000D9519 /* Sources */,
				7D137C3E1DE72476000D9519 /* Frameworks */,
				7D137C3F1DE72476000D9519 /* Headers */,
				7D137C401DE72476000D9519 /* Resources */,
			);
			buildRules = (
			);
			dependencies = (
			);
			name = "Lightning watchOS";
			productName = "Lightning watchOS";
			productReference = 7D137C421DE72476000D9519 /* Lightning.framework */;
			productType = "com.apple.product-type.framework";
		};
		7D137C4E1DE724DC000D9519 /* Lightning tvOS */ = {
			isa = PBXNativeTarget;
			buildConfigurationList = 7D137C541DE724DC000D9519 /* Build configuration list for PBXNativeTarget "Lightning tvOS" */;
			buildPhases = (
				7D137C4A1DE724DC000D9519 /* Sources */,
				7D137C4B1DE724DC000D9519 /* Frameworks */,
				7D137C4C1DE724DC000D9519 /* Headers */,
				7D137C4D1DE724DC000D9519 /* Resources */,
			);
			buildRules = (
			);
			dependencies = (
			);
			name = "Lightning tvOS";
			productName = "Lightning tvOS";
			productReference = 7D137C4F1DE724DC000D9519 /* Lightning.framework */;
			productType = "com.apple.product-type.framework";
		};
		7D14F5CF1DE74129003B1F37 /* Lightning macOS Tests */ = {
			isa = PBXNativeTarget;
			buildConfigurationList = 7D14F5D81DE74129003B1F37 /* Build configuration list for PBXNativeTarget "Lightning macOS Tests" */;
			buildPhases = (
				7D14F5CC1DE74129003B1F37 /* Sources */,
				7D14F5CD1DE74129003B1F37 /* Frameworks */,
				7D14F5CE1DE74129003B1F37 /* Resources */,
			);
			buildRules = (
			);
			dependencies = (
				7D14F5D71DE74129003B1F37 /* PBXTargetDependency */,
			);
			name = "Lightning macOS Tests";
			productName = "Lightning macOS Tests";
			productReference = 7D14F5D01DE74129003B1F37 /* Lightning macOS Tests.xctest */;
			productType = "com.apple.product-type.bundle.unit-test";
		};
		7D14F5DE1DE7413E003B1F37 /* Lightning tvOS Tests */ = {
			isa = PBXNativeTarget;
			buildConfigurationList = 7D14F5E71DE7413E003B1F37 /* Build configuration list for PBXNativeTarget "Lightning tvOS Tests" */;
			buildPhases = (
				7D14F5DB1DE7413E003B1F37 /* Sources */,
				7D14F5DC1DE7413E003B1F37 /* Frameworks */,
				7D14F5DD1DE7413E003B1F37 /* Resources */,
			);
			buildRules = (
			);
			dependencies = (
				7D14F5E61DE7413E003B1F37 /* PBXTargetDependency */,
			);
			name = "Lightning tvOS Tests";
			productName = "Lightning tvOS Tests";
			productReference = 7D14F5DF1DE7413E003B1F37 /* Lightning tvOS Tests.xctest */;
			productType = "com.apple.product-type.bundle.unit-test";
		};
/* End PBXNativeTarget section */

/* Begin PBXProject section */
		6270EE781DE08E37009A5B29 /* Project object */ = {
			isa = PBXProject;
			attributes = {
				BuildIndependentTargetsInParallel = YES;
				LastSwiftUpdateCheck = 0810;
				LastUpgradeCheck = 1430;
				ORGANIZATIONNAME = GK;
				TargetAttributes = {
					6270EE801DE08E37009A5B29 = {
						CreatedOnToolsVersion = 8.1;
						LastSwiftMigration = 1120;
					};
					6270EE891DE08E38009A5B29 = {
						CreatedOnToolsVersion = 8.1;
						LastSwiftMigration = 1120;
					};
					7D137C341DE72417000D9519 = {
						CreatedOnToolsVersion = 8.1;
						LastSwiftMigration = 0920;
					};
					7D137C411DE72476000D9519 = {
						CreatedOnToolsVersion = 8.1;
						LastSwiftMigration = 0930;
						ProvisioningStyle = Automatic;
					};
					7D137C4E1DE724DC000D9519 = {
						CreatedOnToolsVersion = 8.1;
						LastSwiftMigration = 0930;
						ProvisioningStyle = Automatic;
					};
					7D14F5CF1DE74129003B1F37 = {
						CreatedOnToolsVersion = 8.1;
						LastSwiftMigration = 0920;
						ProvisioningStyle = Automatic;
					};
					7D14F5DE1DE7413E003B1F37 = {
						CreatedOnToolsVersion = 8.1;
						LastSwiftMigration = 0930;
						ProvisioningStyle = Automatic;
					};
				};
			};
			buildConfigurationList = 6270EE7B1DE08E37009A5B29 /* Build configuration list for PBXProject "Lightning" */;
			compatibilityVersion = "Xcode 3.2";
			developmentRegion = en;
			hasScannedForEncodings = 0;
			knownRegions = (
				en,
				Base,
			);
			mainGroup = 6270EE771DE08E37009A5B29;
			productRefGroup = 6270EE821DE08E38009A5B29 /* Products */;
			projectDirPath = "";
			projectRoot = "";
			targets = (
				6270EE801DE08E37009A5B29 /* Lightning iOS */,
				6270EE891DE08E38009A5B29 /* Lightning iOS Tests */,
				7D137C341DE72417000D9519 /* Lightning macOS */,
				7D14F5CF1DE74129003B1F37 /* Lightning macOS Tests */,
				7D137C4E1DE724DC000D9519 /* Lightning tvOS */,
				7D14F5DE1DE7413E003B1F37 /* Lightning tvOS Tests */,
				7D137C411DE72476000D9519 /* Lightning watchOS */,
			);
		};
/* End PBXProject section */

/* Begin PBXResourcesBuildPhase section */
		6270EE7F1DE08E37009A5B29 /* Resources */ = {
			isa = PBXResourcesBuildPhase;
			buildActionMask = 2147483647;
			files = (
			);
			runOnlyForDeploymentPostprocessing = 0;
		};
		6270EE881DE08E38009A5B29 /* Resources */ = {
			isa = PBXResourcesBuildPhase;
			buildActionMask = 2147483647;
			files = (
			);
			runOnlyForDeploymentPostprocessing = 0;
		};
		7D137C331DE72417000D9519 /* Resources */ = {
			isa = PBXResourcesBuildPhase;
			buildActionMask = 2147483647;
			files = (
			);
			runOnlyForDeploymentPostprocessing = 0;
		};
		7D137C401DE72476000D9519 /* Resources */ = {
			isa = PBXResourcesBuildPhase;
			buildActionMask = 2147483647;
			files = (
			);
			runOnlyForDeploymentPostprocessing = 0;
		};
		7D137C4D1DE724DC000D9519 /* Resources */ = {
			isa = PBXResourcesBuildPhase;
			buildActionMask = 2147483647;
			files = (
			);
			runOnlyForDeploymentPostprocessing = 0;
		};
		7D14F5CE1DE74129003B1F37 /* Resources */ = {
			isa = PBXResourcesBuildPhase;
			buildActionMask = 2147483647;
			files = (
			);
			runOnlyForDeploymentPostprocessing = 0;
		};
		7D14F5DD1DE7413E003B1F37 /* Resources */ = {
			isa = PBXResourcesBuildPhase;
			buildActionMask = 2147483647;
			files = (
			);
			runOnlyForDeploymentPostprocessing = 0;
		};
/* End PBXResourcesBuildPhase section */

/* Begin PBXSourcesBuildPhase section */
		6270EE7C1DE08E37009A5B29 /* Sources */ = {
			isa = PBXSourcesBuildPhase;
			buildActionMask = 2147483647;
			files = (
				62A4D5FD1E09C4190038D5F2 /* StringMask.swift in Sources */,
				627FC7471DE369B8001A02E6 /* Atomic.swift in Sources */,
				62D9210C1DF4369D002F0381 /* Dictionary+Helpers.swift in Sources */,
				620D9EB42392CF4C00D50CA6 /* Storable.swift in Sources */,
				6280AFC31DE3992E00A5E4EC /* WeakArray.swift in Sources */,
				62A4D6061E09DB590038D5F2 /* String+Helpers.swift in Sources */,
				62675E0E204DF62B00C25154 /* Optional+Helpers.swift in Sources */,
				6207039923873F0300AB8708 /* Stored.swift in Sources */,
				62348C841DE0C9250060D4FF /* CollectionChange.swift in Sources */,
				621C347E2389A05000AB5D8D /* KeyValueStore+Definitions.swift in Sources */,
				6279FFC32385F071000523DE /* KeyValueStore+TypeErasure.swift in Sources */,
				6276BA9B1DFA07390022790E /* TimerController.swift in Sources */,
				7DF37F941E07FA57006AB4A9 /* StringFormatter.swift in Sources */,
				62675E1C204E029900C25154 /* Array+Helpers.swift in Sources */,
				62348C801DE0C0490060D4FF /* ActivityState.swift in Sources */,
				62D921111DF43880002F0381 /* Bundle+Helpers.swift in Sources */,
				6280AFC11DE3989300A5E4EC /* Weak.swift in Sources */,
				6279FFBE2385E79A000523DE /* KeyValueStore.swift in Sources */,
			);
			runOnlyForDeploymentPostprocessing = 0;
		};
		6270EE861DE08E38009A5B29 /* Sources */ = {
			isa = PBXSourcesBuildPhase;
			buildActionMask = 2147483647;
			files = (
				62675E18204DFE9E00C25154 /* XCTestCase+Helpers.swift in Sources */,
				62675E24204E069500C25154 /* OptionalHelpersTests.swift in Sources */,
				62A4D60B1E09E8590038D5F2 /* StringHelpersTests.swift in Sources */,
				62675E28204E086200C25154 /* ArrayHelpersTests.swift in Sources */,
				6276BAA01DFA0D260022790E /* TimerControllerTests.swift in Sources */,
				62A4D6021E09CD2C0038D5F2 /* StringMaskTests.swift in Sources */,
				7DF37F9C1E07FC3E006AB4A9 /* StringFormatterTests.swift in Sources */,
				624B40231DFC735700E98A64 /* BundleHelpersTests.swift in Sources */,
				620D9EB92392E27700D50CA6 /* StoredTests.swift in Sources */,
				7DA112481DE373700053DC4E /* AtomicTests.swift in Sources */,
				623F25722394451400A93B19 /* RandomTestData.swift in Sources */,
				6280AFC51DE3A14D00A5E4EC /* WeakTests.swift in Sources */,
				620703952387390400AB8708 /* KeyValueStoreTests.swift in Sources */,
				624B401F1DFC6E4400E98A64 /* DictionaryHelpersTests.swift in Sources */,
				62348C821DE0C1FF0060D4FF /* ActivityStateTests.swift in Sources */,
				62348C861DE0C9CD0060D4FF /* CollectionChangeTests.swift in Sources */,
			);
			runOnlyForDeploymentPostprocessing = 0;
		};
		7D137C301DE72417000D9519 /* Sources */ = {
			isa = PBXSourcesBuildPhase;
			buildActionMask = 2147483647;
			files = (
				62A4D5FE1E09C4190038D5F2 /* StringMask.swift in Sources */,
				7D137C5B1DE725B2000D9519 /* Atomic.swift in Sources */,
				62D9210D1DF4369D002F0381 /* Dictionary+Helpers.swift in Sources */,
				620D9EB52392CF4C00D50CA6 /* Storable.swift in Sources */,
				7D137C581DE725B2000D9519 /* ActivityState.swift in Sources */,
				7D137C5D1DE725B2000D9519 /* WeakArray.swift in Sources */,
				7D137C591DE725B2000D9519 /* CollectionChange.swift in Sources */,
				6207039A23873F0300AB8708 /* Stored.swift in Sources */,
				62A4D6071E09DB590038D5F2 /* String+Helpers.swift in Sources */,
				621C347F2389A05300AB5D8D /* KeyValueStore+Definitions.swift in Sources */,
				6279FFC42385F071000523DE /* KeyValueStore+TypeErasure.swift in Sources */,
				62675E0F204DF62B00C25154 /* Optional+Helpers.swift in Sources */,
				6276BA9C1DFA07390022790E /* TimerController.swift in Sources */,
				62675E1D204E029900C25154 /* Array+Helpers.swift in Sources */,
				62D921121DF43880002F0381 /* Bundle+Helpers.swift in Sources */,
				7DF37F951E07FA57006AB4A9 /* StringFormatter.swift in Sources */,
				7D137C5C1DE725B2000D9519 /* Weak.swift in Sources */,
				6279FFBF2385E79A000523DE /* KeyValueStore.swift in Sources */,
			);
			runOnlyForDeploymentPostprocessing = 0;
		};
		7D137C3D1DE72476000D9519 /* Sources */ = {
			isa = PBXSourcesBuildPhase;
			buildActionMask = 2147483647;
			files = (
				62A4D6001E09C4190038D5F2 /* StringMask.swift in Sources */,
				7D137C621DE725B2000D9519 /* Atomic.swift in Sources */,
				62D9210F1DF4369D002F0381 /* Dictionary+Helpers.swift in Sources */,
				620D9EB72392CF4C00D50CA6 /* Storable.swift in Sources */,
				7D137C5F1DE725B2000D9519 /* ActivityState.swift in Sources */,
				62675E11204DF69000C25154 /* Optional+Helpers.swift in Sources */,
				7D137C641DE725B2000D9519 /* WeakArray.swift in Sources */,
				6207039C23873F0300AB8708 /* Stored.swift in Sources */,
				62A4D6091E09DB590038D5F2 /* String+Helpers.swift in Sources */,
				621C34812389A05400AB5D8D /* KeyValueStore+Definitions.swift in Sources */,
				6279FFC62385F071000523DE /* KeyValueStore+TypeErasure.swift in Sources */,
				7D137C601DE725B2000D9519 /* CollectionChange.swift in Sources */,
				6276BA9E1DFA07390022790E /* TimerController.swift in Sources */,
				7DF37F9A1E07FA61006AB4A9 /* StringFormatter.swift in Sources */,
				62675E2B204E0E5700C25154 /* Array+Helpers.swift in Sources */,
				62D921141DF43880002F0381 /* Bundle+Helpers.swift in Sources */,
				7D137C631DE725B2000D9519 /* Weak.swift in Sources */,
				6279FFC12385E79A000523DE /* KeyValueStore.swift in Sources */,
			);
			runOnlyForDeploymentPostprocessing = 0;
		};
		7D137C4A1DE724DC000D9519 /* Sources */ = {
			isa = PBXSourcesBuildPhase;
			buildActionMask = 2147483647;
			files = (
				62A4D5FF1E09C4190038D5F2 /* StringMask.swift in Sources */,
				7D137C691DE725B3000D9519 /* Atomic.swift in Sources */,
				62D9210E1DF4369D002F0381 /* Dictionary+Helpers.swift in Sources */,
				620D9EB62392CF4C00D50CA6 /* Storable.swift in Sources */,
				7D137C661DE725B3000D9519 /* ActivityState.swift in Sources */,
				7D137C6B1DE725B3000D9519 /* WeakArray.swift in Sources */,
				7D137C671DE725B3000D9519 /* CollectionChange.swift in Sources */,
				6207039B23873F0300AB8708 /* Stored.swift in Sources */,
				62A4D6081E09DB590038D5F2 /* String+Helpers.swift in Sources */,
				621C34802389A05400AB5D8D /* KeyValueStore+Definitions.swift in Sources */,
				6279FFC52385F071000523DE /* KeyValueStore+TypeErasure.swift in Sources */,
				62675E10204DF62B00C25154 /* Optional+Helpers.swift in Sources */,
				6276BA9D1DFA07390022790E /* TimerController.swift in Sources */,
				62675E1E204E029900C25154 /* Array+Helpers.swift in Sources */,
				62D921131DF43880002F0381 /* Bundle+Helpers.swift in Sources */,
				7DF37F961E07FA57006AB4A9 /* StringFormatter.swift in Sources */,
				7D137C6A1DE725B3000D9519 /* Weak.swift in Sources */,
				6279FFC02385E79A000523DE /* KeyValueStore.swift in Sources */,
			);
			runOnlyForDeploymentPostprocessing = 0;
		};
		7D14F5CC1DE74129003B1F37 /* Sources */ = {
			isa = PBXSourcesBuildPhase;
			buildActionMask = 2147483647;
			files = (
				62675E19204DFEA000C25154 /* XCTestCase+Helpers.swift in Sources */,
				62675E25204E069500C25154 /* OptionalHelpersTests.swift in Sources */,
				62A4D60C1E09E8590038D5F2 /* StringHelpersTests.swift in Sources */,
				62675E29204E086200C25154 /* ArrayHelpersTests.swift in Sources */,
				6276BAA11DFA0D260022790E /* TimerControllerTests.swift in Sources */,
				62A4D6031E09CD2C0038D5F2 /* StringMaskTests.swift in Sources */,
				7DF37F9D1E07FC3E006AB4A9 /* StringFormatterTests.swift in Sources */,
				624B40241DFC735700E98A64 /* BundleHelpersTests.swift in Sources */,
				7D14F5EE1DE7420E003B1F37 /* AtomicTests.swift in Sources */,
				623F25732394451400A93B19 /* RandomTestData.swift in Sources */,
				7D14F5EF1DE7420E003B1F37 /* WeakTests.swift in Sources */,
				620703962387390400AB8708 /* KeyValueStoreTests.swift in Sources */,
				624B40201DFC6E4400E98A64 /* DictionaryHelpersTests.swift in Sources */,
				7D14F5EB1DE7420E003B1F37 /* ActivityStateTests.swift in Sources */,
				7D14F5EC1DE7420E003B1F37 /* CollectionChangeTests.swift in Sources */,
			);
			runOnlyForDeploymentPostprocessing = 0;
		};
		7D14F5DB1DE7413E003B1F37 /* Sources */ = {
			isa = PBXSourcesBuildPhase;
			buildActionMask = 2147483647;
			files = (
				62675E1A204DFEA000C25154 /* XCTestCase+Helpers.swift in Sources */,
				62675E26204E069500C25154 /* OptionalHelpersTests.swift in Sources */,
				62A4D60D1E09E8590038D5F2 /* StringHelpersTests.swift in Sources */,
				62675E2A204E086200C25154 /* ArrayHelpersTests.swift in Sources */,
				6276BAA21DFA0D260022790E /* TimerControllerTests.swift in Sources */,
				62A4D6041E09CD2C0038D5F2 /* StringMaskTests.swift in Sources */,
				7DF37F9E1E07FC3E006AB4A9 /* StringFormatterTests.swift in Sources */,
				624B40251DFC735700E98A64 /* BundleHelpersTests.swift in Sources */,
				7D14F5F41DE7420F003B1F37 /* AtomicTests.swift in Sources */,
				623F25742394451400A93B19 /* RandomTestData.swift in Sources */,
				7D14F5F51DE7420F003B1F37 /* WeakTests.swift in Sources */,
				620703972387390400AB8708 /* KeyValueStoreTests.swift in Sources */,
				624B40211DFC6E4400E98A64 /* DictionaryHelpersTests.swift in Sources */,
				7D14F5F11DE7420F003B1F37 /* ActivityStateTests.swift in Sources */,
				7D14F5F21DE7420F003B1F37 /* CollectionChangeTests.swift in Sources */,
			);
			runOnlyForDeploymentPostprocessing = 0;
		};
/* End PBXSourcesBuildPhase section */

/* Begin PBXTargetDependency section */
		6270EE8D1DE08E38009A5B29 /* PBXTargetDependency */ = {
			isa = PBXTargetDependency;
			target = 6270EE801DE08E37009A5B29 /* Lightning iOS */;
			targetProxy = 6270EE8C1DE08E38009A5B29 /* PBXContainerItemProxy */;
		};
		7D14F5D71DE74129003B1F37 /* PBXTargetDependency */ = {
			isa = PBXTargetDependency;
			target = 7D137C341DE72417000D9519 /* Lightning macOS */;
			targetProxy = 7D14F5D61DE74129003B1F37 /* PBXContainerItemProxy */;
		};
		7D14F5E61DE7413E003B1F37 /* PBXTargetDependency */ = {
			isa = PBXTargetDependency;
			target = 7D137C4E1DE724DC000D9519 /* Lightning tvOS */;
			targetProxy = 7D14F5E51DE7413E003B1F37 /* PBXContainerItemProxy */;
		};
/* End PBXTargetDependency section */

/* Begin XCBuildConfiguration section */
		6270EE931DE08E38009A5B29 /* Debug */ = {
			isa = XCBuildConfiguration;
			buildSettings = {
				ALWAYS_SEARCH_USER_PATHS = NO;
				APPLICATION_EXTENSION_API_ONLY = YES;
				CLANG_ANALYZER_LOCALIZABILITY_NONLOCALIZED = YES;
				CLANG_ANALYZER_NONNULL = YES;
				CLANG_CXX_LANGUAGE_STANDARD = "gnu++0x";
				CLANG_CXX_LIBRARY = "libc++";
				CLANG_ENABLE_MODULES = YES;
				CLANG_ENABLE_OBJC_ARC = YES;
				CLANG_WARN_BLOCK_CAPTURE_AUTORELEASING = YES;
				CLANG_WARN_BOOL_CONVERSION = YES;
				CLANG_WARN_COMMA = YES;
				CLANG_WARN_CONSTANT_CONVERSION = YES;
				CLANG_WARN_DEPRECATED_OBJC_IMPLEMENTATIONS = YES;
				CLANG_WARN_DIRECT_OBJC_ISA_USAGE = YES_ERROR;
				CLANG_WARN_DOCUMENTATION_COMMENTS = YES;
				CLANG_WARN_EMPTY_BODY = YES;
				CLANG_WARN_ENUM_CONVERSION = YES;
				CLANG_WARN_INFINITE_RECURSION = YES;
				CLANG_WARN_INT_CONVERSION = YES;
				CLANG_WARN_NON_LITERAL_NULL_CONVERSION = YES;
				CLANG_WARN_OBJC_IMPLICIT_RETAIN_SELF = YES;
				CLANG_WARN_OBJC_LITERAL_CONVERSION = YES;
				CLANG_WARN_OBJC_ROOT_CLASS = YES_ERROR;
				CLANG_WARN_QUOTED_INCLUDE_IN_FRAMEWORK_HEADER = YES;
				CLANG_WARN_RANGE_LOOP_ANALYSIS = YES;
				CLANG_WARN_STRICT_PROTOTYPES = YES;
				CLANG_WARN_SUSPICIOUS_MOVE = YES;
				CLANG_WARN_SUSPICIOUS_MOVES = YES;
				CLANG_WARN_UNREACHABLE_CODE = YES;
				CLANG_WARN__DUPLICATE_METHOD_MATCH = YES;
				COPY_PHASE_STRIP = NO;
				CURRENT_PROJECT_VERSION = 5.0.0;
				DEBUG_INFORMATION_FORMAT = dwarf;
				ENABLE_STRICT_OBJC_MSGSEND = YES;
				ENABLE_TESTABILITY = YES;
				GCC_C_LANGUAGE_STANDARD = gnu99;
				GCC_DYNAMIC_NO_PIC = NO;
				GCC_NO_COMMON_BLOCKS = YES;
				GCC_OPTIMIZATION_LEVEL = 0;
				GCC_PREPROCESSOR_DEFINITIONS = (
					"DEBUG=1",
					"$(inherited)",
				);
				GCC_WARN_64_TO_32_BIT_CONVERSION = YES;
				GCC_WARN_ABOUT_RETURN_TYPE = YES_ERROR;
				GCC_WARN_UNDECLARED_SELECTOR = YES;
				GCC_WARN_UNINITIALIZED_AUTOS = YES_AGGRESSIVE;
				GCC_WARN_UNUSED_FUNCTION = YES;
				GCC_WARN_UNUSED_VARIABLE = YES;
				IPHONEOS_DEPLOYMENT_TARGET = 12.0;
				MACOSX_DEPLOYMENT_TARGET = "$(RECOMMENDED_MACOSX_DEPLOYMENT_TARGET)";
				MTL_ENABLE_DEBUG_INFO = YES;
				ONLY_ACTIVE_ARCH = YES;
				PRODUCT_BUNDLE_IDENTIFIER = me.gk.Lightning;
				PRODUCT_NAME = Lightning;
				SDKROOT = iphoneos;
				SWIFT_ACTIVE_COMPILATION_CONDITIONS = DEBUG;
				SWIFT_OPTIMIZATION_LEVEL = "-Onone";
				SWIFT_VERSION = 5.0;
				TVOS_DEPLOYMENT_TARGET = 12.0;
				VERSIONING_SYSTEM = "apple-generic";
				VERSION_INFO_PREFIX = "";
				WATCHOS_DEPLOYMENT_TARGET = 3.0;
			};
			name = Debug;
		};
		6270EE941DE08E38009A5B29 /* Release */ = {
			isa = XCBuildConfiguration;
			buildSettings = {
				ALWAYS_SEARCH_USER_PATHS = NO;
				APPLICATION_EXTENSION_API_ONLY = YES;
				CLANG_ANALYZER_LOCALIZABILITY_NONLOCALIZED = YES;
				CLANG_ANALYZER_NONNULL = YES;
				CLANG_CXX_LANGUAGE_STANDARD = "gnu++0x";
				CLANG_CXX_LIBRARY = "libc++";
				CLANG_ENABLE_MODULES = YES;
				CLANG_ENABLE_OBJC_ARC = YES;
				CLANG_WARN_BLOCK_CAPTURE_AUTORELEASING = YES;
				CLANG_WARN_BOOL_CONVERSION = YES;
				CLANG_WARN_COMMA = YES;
				CLANG_WARN_CONSTANT_CONVERSION = YES;
				CLANG_WARN_DEPRECATED_OBJC_IMPLEMENTATIONS = YES;
				CLANG_WARN_DIRECT_OBJC_ISA_USAGE = YES_ERROR;
				CLANG_WARN_DOCUMENTATION_COMMENTS = YES;
				CLANG_WARN_EMPTY_BODY = YES;
				CLANG_WARN_ENUM_CONVERSION = YES;
				CLANG_WARN_INFINITE_RECURSION = YES;
				CLANG_WARN_INT_CONVERSION = YES;
				CLANG_WARN_NON_LITERAL_NULL_CONVERSION = YES;
				CLANG_WARN_OBJC_IMPLICIT_RETAIN_SELF = YES;
				CLANG_WARN_OBJC_LITERAL_CONVERSION = YES;
				CLANG_WARN_OBJC_ROOT_CLASS = YES_ERROR;
				CLANG_WARN_QUOTED_INCLUDE_IN_FRAMEWORK_HEADER = YES;
				CLANG_WARN_RANGE_LOOP_ANALYSIS = YES;
				CLANG_WARN_STRICT_PROTOTYPES = YES;
				CLANG_WARN_SUSPICIOUS_MOVE = YES;
				CLANG_WARN_SUSPICIOUS_MOVES = YES;
				CLANG_WARN_UNREACHABLE_CODE = YES;
				CLANG_WARN__DUPLICATE_METHOD_MATCH = YES;
				COPY_PHASE_STRIP = NO;
				CURRENT_PROJECT_VERSION = 5.0.0;
				DEBUG_INFORMATION_FORMAT = "dwarf-with-dsym";
				ENABLE_NS_ASSERTIONS = NO;
				ENABLE_STRICT_OBJC_MSGSEND = YES;
				GCC_C_LANGUAGE_STANDARD = gnu99;
				GCC_NO_COMMON_BLOCKS = YES;
				GCC_WARN_64_TO_32_BIT_CONVERSION = YES;
				GCC_WARN_ABOUT_RETURN_TYPE = YES_ERROR;
				GCC_WARN_UNDECLARED_SELECTOR = YES;
				GCC_WARN_UNINITIALIZED_AUTOS = YES_AGGRESSIVE;
				GCC_WARN_UNUSED_FUNCTION = YES;
				GCC_WARN_UNUSED_VARIABLE = YES;
				IPHONEOS_DEPLOYMENT_TARGET = 12.0;
				MACOSX_DEPLOYMENT_TARGET = "$(RECOMMENDED_MACOSX_DEPLOYMENT_TARGET)";
				MTL_ENABLE_DEBUG_INFO = NO;
				PRODUCT_BUNDLE_IDENTIFIER = me.gk.Lightning;
				PRODUCT_NAME = Lightning;
				SDKROOT = iphoneos;
				SWIFT_COMPILATION_MODE = wholemodule;
				SWIFT_OPTIMIZATION_LEVEL = "-O";
				SWIFT_VERSION = 5.0;
				TVOS_DEPLOYMENT_TARGET = 12.0;
				VALIDATE_PRODUCT = YES;
				VERSIONING_SYSTEM = "apple-generic";
				VERSION_INFO_PREFIX = "";
				WATCHOS_DEPLOYMENT_TARGET = 3.0;
			};
			name = Release;
		};
		6270EE961DE08E38009A5B29 /* Debug */ = {
			isa = XCBuildConfiguration;
			buildSettings = {
				CLANG_ENABLE_MODULES = YES;
				CODE_SIGN_IDENTITY = "";
				DEFINES_MODULE = YES;
				DYLIB_COMPATIBILITY_VERSION = 1;
				DYLIB_CURRENT_VERSION = 1;
				DYLIB_INSTALL_NAME_BASE = "@rpath";
				ENABLE_MODULE_VERIFIER = YES;
				INFOPLIST_FILE = "Lightning/Info-iOS.plist";
				INSTALL_PATH = "$(LOCAL_LIBRARY_DIR)/Frameworks";
				LD_RUNPATH_SEARCH_PATHS = (
					"$(inherited)",
					"@executable_path/Frameworks",
					"@loader_path/Frameworks",
				);
				MODULE_VERIFIER_SUPPORTED_LANGUAGES = "objective-c objective-c++";
				MODULE_VERIFIER_SUPPORTED_LANGUAGE_STANDARDS = "gnu99 gnu++11";
				PRODUCT_BUNDLE_IDENTIFIER = "$(inherited)";
				PRODUCT_NAME = "$(inherited)";
				SKIP_INSTALL = YES;
				SWIFT_OPTIMIZATION_LEVEL = "-Onone";
			};
			name = Debug;
		};
		6270EE971DE08E38009A5B29 /* Release */ = {
			isa = XCBuildConfiguration;
			buildSettings = {
				CLANG_ENABLE_MODULES = YES;
				CODE_SIGN_IDENTITY = "";
				DEFINES_MODULE = YES;
				DYLIB_COMPATIBILITY_VERSION = 1;
				DYLIB_CURRENT_VERSION = 1;
				DYLIB_INSTALL_NAME_BASE = "@rpath";
				ENABLE_MODULE_VERIFIER = YES;
				INFOPLIST_FILE = "Lightning/Info-iOS.plist";
				INSTALL_PATH = "$(LOCAL_LIBRARY_DIR)/Frameworks";
				LD_RUNPATH_SEARCH_PATHS = (
					"$(inherited)",
					"@executable_path/Frameworks",
					"@loader_path/Frameworks",
				);
				MODULE_VERIFIER_SUPPORTED_LANGUAGES = "objective-c objective-c++";
				MODULE_VERIFIER_SUPPORTED_LANGUAGE_STANDARDS = "gnu99 gnu++11";
				PRODUCT_BUNDLE_IDENTIFIER = "$(inherited)";
				PRODUCT_NAME = "$(inherited)";
				SKIP_INSTALL = YES;
			};
			name = Release;
		};
		6270EE991DE08E38009A5B29 /* Debug */ = {
			isa = XCBuildConfiguration;
			buildSettings = {
				ALWAYS_EMBED_SWIFT_STANDARD_LIBRARIES = YES;
				INFOPLIST_FILE = "LightningTests/Info-iOS.plist";
				LD_RUNPATH_SEARCH_PATHS = (
					"$(inherited)",
					"@executable_path/Frameworks",
					"@loader_path/Frameworks",
				);
				MACOSX_DEPLOYMENT_TARGET = "$(RECOMMENDED_MACOSX_DEPLOYMENT_TARGET)";
				PRODUCT_BUNDLE_IDENTIFIER = "$(inherited)";
				PRODUCT_NAME = "$(TARGET_NAME)";
			};
			name = Debug;
		};
		6270EE9A1DE08E38009A5B29 /* Release */ = {
			isa = XCBuildConfiguration;
			buildSettings = {
				ALWAYS_EMBED_SWIFT_STANDARD_LIBRARIES = YES;
				INFOPLIST_FILE = "LightningTests/Info-iOS.plist";
				LD_RUNPATH_SEARCH_PATHS = (
					"$(inherited)",
					"@executable_path/Frameworks",
					"@loader_path/Frameworks",
				);
				MACOSX_DEPLOYMENT_TARGET = "$(RECOMMENDED_MACOSX_DEPLOYMENT_TARGET)";
				PRODUCT_BUNDLE_IDENTIFIER = "$(inherited)";
				PRODUCT_NAME = "$(TARGET_NAME)";
			};
			name = Release;
		};
		7D137C3B1DE72417000D9519 /* Debug */ = {
			isa = XCBuildConfiguration;
			buildSettings = {
				COMBINE_HIDPI_IMAGES = YES;
				DEAD_CODE_STRIPPING = YES;
				DEFINES_MODULE = YES;
				DYLIB_COMPATIBILITY_VERSION = 1;
				DYLIB_CURRENT_VERSION = 1;
				DYLIB_INSTALL_NAME_BASE = "@rpath";
				ENABLE_MODULE_VERIFIER = YES;
				FRAMEWORK_VERSION = A;
				INFOPLIST_FILE = "Lightning/Info-macOS.plist";
				INSTALL_PATH = "$(LOCAL_LIBRARY_DIR)/Frameworks";
				LD_RUNPATH_SEARCH_PATHS = (
					"$(inherited)",
					"@executable_path/../Frameworks",
					"@loader_path/Frameworks",
				);
				MODULE_VERIFIER_SUPPORTED_LANGUAGES = "objective-c objective-c++";
				MODULE_VERIFIER_SUPPORTED_LANGUAGE_STANDARDS = "gnu99 gnu++11";
				PRODUCT_BUNDLE_IDENTIFIER = "$(inherited)";
				PRODUCT_NAME = "$(inherited)";
				SDKROOT = macosx;
				SKIP_INSTALL = YES;
			};
			name = Debug;
		};
		7D137C3C1DE72417000D9519 /* Release */ = {
			isa = XCBuildConfiguration;
			buildSettings = {
				COMBINE_HIDPI_IMAGES = YES;
				DEAD_CODE_STRIPPING = YES;
				DEFINES_MODULE = YES;
				DYLIB_COMPATIBILITY_VERSION = 1;
				DYLIB_CURRENT_VERSION = 1;
				DYLIB_INSTALL_NAME_BASE = "@rpath";
				ENABLE_MODULE_VERIFIER = YES;
				FRAMEWORK_VERSION = A;
				INFOPLIST_FILE = "Lightning/Info-macOS.plist";
				INSTALL_PATH = "$(LOCAL_LIBRARY_DIR)/Frameworks";
				LD_RUNPATH_SEARCH_PATHS = (
					"$(inherited)",
					"@executable_path/../Frameworks",
					"@loader_path/Frameworks",
				);
				MODULE_VERIFIER_SUPPORTED_LANGUAGES = "objective-c objective-c++";
				MODULE_VERIFIER_SUPPORTED_LANGUAGE_STANDARDS = "gnu99 gnu++11";
				PRODUCT_BUNDLE_IDENTIFIER = "$(inherited)";
				PRODUCT_NAME = "$(inherited)";
				SDKROOT = macosx;
				SKIP_INSTALL = YES;
			};
			name = Release;
		};
		7D137C481DE72476000D9519 /* Debug */ = {
			isa = XCBuildConfiguration;
			buildSettings = {
				CODE_SIGN_IDENTITY = "";
				DEFINES_MODULE = YES;
				DYLIB_COMPATIBILITY_VERSION = 1;
				DYLIB_CURRENT_VERSION = 1;
				DYLIB_INSTALL_NAME_BASE = "@rpath";
				ENABLE_MODULE_VERIFIER = YES;
				INFOPLIST_FILE = "Lightning/Info-watchOS.plist";
				INSTALL_PATH = "$(LOCAL_LIBRARY_DIR)/Frameworks";
				LD_RUNPATH_SEARCH_PATHS = (
					"$(inherited)",
					"@executable_path/Frameworks",
					"@loader_path/Frameworks",
				);
				MODULE_VERIFIER_SUPPORTED_LANGUAGES = "objective-c objective-c++";
				MODULE_VERIFIER_SUPPORTED_LANGUAGE_STANDARDS = "gnu99 gnu++11";
				PRODUCT_BUNDLE_IDENTIFIER = "$(inherited)";
				PRODUCT_NAME = "$(inherited)";
				SDKROOT = watchos;
				SKIP_INSTALL = YES;
				TARGETED_DEVICE_FAMILY = 4;
			};
			name = Debug;
		};
		7D137C491DE72476000D9519 /* Release */ = {
			isa = XCBuildConfiguration;
			buildSettings = {
				CODE_SIGN_IDENTITY = "";
				DEFINES_MODULE = YES;
				DYLIB_COMPATIBILITY_VERSION = 1;
				DYLIB_CURRENT_VERSION = 1;
				DYLIB_INSTALL_NAME_BASE = "@rpath";
				ENABLE_MODULE_VERIFIER = YES;
				INFOPLIST_FILE = "Lightning/Info-watchOS.plist";
				INSTALL_PATH = "$(LOCAL_LIBRARY_DIR)/Frameworks";
				LD_RUNPATH_SEARCH_PATHS = (
					"$(inherited)",
					"@executable_path/Frameworks",
					"@loader_path/Frameworks",
				);
				MODULE_VERIFIER_SUPPORTED_LANGUAGES = "objective-c objective-c++";
				MODULE_VERIFIER_SUPPORTED_LANGUAGE_STANDARDS = "gnu99 gnu++11";
				PRODUCT_BUNDLE_IDENTIFIER = "$(inherited)";
				PRODUCT_NAME = "$(inherited)";
				SDKROOT = watchos;
				SKIP_INSTALL = YES;
				TARGETED_DEVICE_FAMILY = 4;
			};
			name = Release;
		};
		7D137C551DE724DC000D9519 /* Debug */ = {
			isa = XCBuildConfiguration;
			buildSettings = {
				CODE_SIGN_IDENTITY = "";
				DEFINES_MODULE = YES;
				DYLIB_COMPATIBILITY_VERSION = 1;
				DYLIB_CURRENT_VERSION = 1;
				DYLIB_INSTALL_NAME_BASE = "@rpath";
				ENABLE_MODULE_VERIFIER = YES;
				INFOPLIST_FILE = "Lightning/Info-tvOS.plist";
				INSTALL_PATH = "$(LOCAL_LIBRARY_DIR)/Frameworks";
				LD_RUNPATH_SEARCH_PATHS = (
					"$(inherited)",
					"@executable_path/Frameworks",
					"@loader_path/Frameworks",
				);
				MODULE_VERIFIER_SUPPORTED_LANGUAGES = "objective-c objective-c++";
				MODULE_VERIFIER_SUPPORTED_LANGUAGE_STANDARDS = "gnu99 gnu++11";
				PRODUCT_BUNDLE_IDENTIFIER = "$(inherited)";
				PRODUCT_NAME = "$(inherited)";
				SDKROOT = appletvos;
				SKIP_INSTALL = YES;
				TARGETED_DEVICE_FAMILY = 3;
			};
			name = Debug;
		};
		7D137C561DE724DC000D9519 /* Release */ = {
			isa = XCBuildConfiguration;
			buildSettings = {
				CODE_SIGN_IDENTITY = "";
				DEFINES_MODULE = YES;
				DYLIB_COMPATIBILITY_VERSION = 1;
				DYLIB_CURRENT_VERSION = 1;
				DYLIB_INSTALL_NAME_BASE = "@rpath";
				ENABLE_MODULE_VERIFIER = YES;
				INFOPLIST_FILE = "Lightning/Info-tvOS.plist";
				INSTALL_PATH = "$(LOCAL_LIBRARY_DIR)/Frameworks";
				LD_RUNPATH_SEARCH_PATHS = (
					"$(inherited)",
					"@executable_path/Frameworks",
					"@loader_path/Frameworks",
				);
				MODULE_VERIFIER_SUPPORTED_LANGUAGES = "objective-c objective-c++";
				MODULE_VERIFIER_SUPPORTED_LANGUAGE_STANDARDS = "gnu99 gnu++11";
				PRODUCT_BUNDLE_IDENTIFIER = "$(inherited)";
				PRODUCT_NAME = "$(inherited)";
				SDKROOT = appletvos;
				SKIP_INSTALL = YES;
				TARGETED_DEVICE_FAMILY = 3;
			};
			name = Release;
		};
		7D14F5D91DE74129003B1F37 /* Debug */ = {
			isa = XCBuildConfiguration;
			buildSettings = {
				COMBINE_HIDPI_IMAGES = YES;
				DEAD_CODE_STRIPPING = YES;
				INFOPLIST_FILE = "LightningTests/Info-macOS.plist";
				LD_RUNPATH_SEARCH_PATHS = (
					"$(inherited)",
					"@executable_path/../Frameworks",
					"@loader_path/../Frameworks",
				);
				MACOSX_DEPLOYMENT_TARGET = "$(RECOMMENDED_MACOSX_DEPLOYMENT_TARGET)";
				PRODUCT_BUNDLE_IDENTIFIER = "$(inherited)";
				PRODUCT_NAME = "$(TARGET_NAME)";
				SDKROOT = macosx;
			};
			name = Debug;
		};
		7D14F5DA1DE74129003B1F37 /* Release */ = {
			isa = XCBuildConfiguration;
			buildSettings = {
				COMBINE_HIDPI_IMAGES = YES;
				DEAD_CODE_STRIPPING = YES;
				INFOPLIST_FILE = "LightningTests/Info-macOS.plist";
				LD_RUNPATH_SEARCH_PATHS = (
					"$(inherited)",
					"@executable_path/../Frameworks",
					"@loader_path/../Frameworks",
				);
				MACOSX_DEPLOYMENT_TARGET = "$(RECOMMENDED_MACOSX_DEPLOYMENT_TARGET)";
				PRODUCT_BUNDLE_IDENTIFIER = "$(inherited)";
				PRODUCT_NAME = "$(TARGET_NAME)";
				SDKROOT = macosx;
			};
			name = Release;
		};
		7D14F5E81DE7413E003B1F37 /* Debug */ = {
			isa = XCBuildConfiguration;
			buildSettings = {
				INFOPLIST_FILE = "LightningTests/Info-tvOS.plist";
				LD_RUNPATH_SEARCH_PATHS = (
					"$(inherited)",
					"@executable_path/Frameworks",
					"@loader_path/Frameworks",
				);
				MACOSX_DEPLOYMENT_TARGET = "$(RECOMMENDED_MACOSX_DEPLOYMENT_TARGET)";
				PRODUCT_BUNDLE_IDENTIFIER = "$(inherited)";
				PRODUCT_NAME = "$(TARGET_NAME)";
				SDKROOT = appletvos;
			};
			name = Debug;
		};
		7D14F5E91DE7413E003B1F37 /* Release */ = {
			isa = XCBuildConfiguration;
			buildSettings = {
				INFOPLIST_FILE = "LightningTests/Info-tvOS.plist";
				LD_RUNPATH_SEARCH_PATHS = (
					"$(inherited)",
					"@executable_path/Frameworks",
					"@loader_path/Frameworks",
				);
				MACOSX_DEPLOYMENT_TARGET = "$(RECOMMENDED_MACOSX_DEPLOYMENT_TARGET)";
				PRODUCT_BUNDLE_IDENTIFIER = "$(inherited)";
				PRODUCT_NAME = "$(TARGET_NAME)";
				SDKROOT = appletvos;
			};
			name = Release;
		};
/* End XCBuildConfiguration section */

/* Begin XCConfigurationList section */
		6270EE7B1DE08E37009A5B29 /* Build configuration list for PBXProject "Lightning" */ = {
			isa = XCConfigurationList;
			buildConfigurations = (
				6270EE931DE08E38009A5B29 /* Debug */,
				6270EE941DE08E38009A5B29 /* Release */,
			);
			defaultConfigurationIsVisible = 0;
			defaultConfigurationName = Release;
		};
		6270EE951DE08E38009A5B29 /* Build configuration list for PBXNativeTarget "Lightning iOS" */ = {
			isa = XCConfigurationList;
			buildConfigurations = (
				6270EE961DE08E38009A5B29 /* Debug */,
				6270EE971DE08E38009A5B29 /* Release */,
			);
			defaultConfigurationIsVisible = 0;
			defaultConfigurationName = Release;
		};
		6270EE981DE08E38009A5B29 /* Build configuration list for PBXNativeTarget "Lightning iOS Tests" */ = {
			isa = XCConfigurationList;
			buildConfigurations = (
				6270EE991DE08E38009A5B29 /* Debug */,
				6270EE9A1DE08E38009A5B29 /* Release */,
			);
			defaultConfigurationIsVisible = 0;
			defaultConfigurationName = Release;
		};
		7D137C3A1DE72417000D9519 /* Build configuration list for PBXNativeTarget "Lightning macOS" */ = {
			isa = XCConfigurationList;
			buildConfigurations = (
				7D137C3B1DE72417000D9519 /* Debug */,
				7D137C3C1DE72417000D9519 /* Release */,
			);
			defaultConfigurationIsVisible = 0;
			defaultConfigurationName = Release;
		};
		7D137C471DE72476000D9519 /* Build configuration list for PBXNativeTarget "Lightning watchOS" */ = {
			isa = XCConfigurationList;
			buildConfigurations = (
				7D137C481DE72476000D9519 /* Debug */,
				7D137C491DE72476000D9519 /* Release */,
			);
			defaultConfigurationIsVisible = 0;
			defaultConfigurationName = Release;
		};
		7D137C541DE724DC000D9519 /* Build configuration list for PBXNativeTarget "Lightning tvOS" */ = {
			isa = XCConfigurationList;
			buildConfigurations = (
				7D137C551DE724DC000D9519 /* Debug */,
				7D137C561DE724DC000D9519 /* Release */,
			);
			defaultConfigurationIsVisible = 0;
			defaultConfigurationName = Release;
		};
		7D14F5D81DE74129003B1F37 /* Build configuration list for PBXNativeTarget "Lightning macOS Tests" */ = {
			isa = XCConfigurationList;
			buildConfigurations = (
				7D14F5D91DE74129003B1F37 /* Debug */,
				7D14F5DA1DE74129003B1F37 /* Release */,
			);
			defaultConfigurationIsVisible = 0;
			defaultConfigurationName = Release;
		};
		7D14F5E71DE7413E003B1F37 /* Build configuration list for PBXNativeTarget "Lightning tvOS Tests" */ = {
			isa = XCConfigurationList;
			buildConfigurations = (
				7D14F5E81DE7413E003B1F37 /* Debug */,
				7D14F5E91DE7413E003B1F37 /* Release */,
			);
			defaultConfigurationIsVisible = 0;
			defaultConfigurationName = Release;
		};
/* End XCConfigurationList section */
	};
	rootObject = 6270EE781DE08E37009A5B29 /* Project object */;
}
